// !$*UTF8*$!
{
	archiveVersion = 1;
	classes = {
	};
	objectVersion = 77;
	objects = {

/* Begin PBXBuildFile section */
		04C3191FB0C2365FC5F5312D /* ModelTests.swift in Sources */ = {isa = PBXBuildFile; fileRef = 1E9DB435246FE769FEAB25D9 /* ModelTests.swift */; };
		A10000000000000000000001 /* AuthFormPolicyTests.swift in Sources */ = {isa = PBXBuildFile; fileRef = A10000000000000000000002 /* AuthFormPolicyTests.swift */; };
		A12000000000000000000001 /* AuthSubmissionStateTests.swift in Sources */ = {isa = PBXBuildFile; fileRef = A12000000000000000000002 /* AuthSubmissionStateTests.swift */; };
		A11000000000000000000001 /* AuthFormPolicy.swift in Sources */ = {isa = PBXBuildFile; fileRef = A11000000000000000000011 /* AuthFormPolicy.swift */; };
		A11000000000000000000002 /* YISUAuthScaffold.swift in Sources */ = {isa = PBXBuildFile; fileRef = A11000000000000000000012 /* YISUAuthScaffold.swift */; };
		A11000000000000000000003 /* YISUAuthField.swift in Sources */ = {isa = PBXBuildFile; fileRef = A11000000000000000000013 /* YISUAuthField.swift */; };
		A11000000000000000000004 /* YISUAgreementCheckbox.swift in Sources */ = {isa = PBXBuildFile; fileRef = A11000000000000000000014 /* YISUAgreementCheckbox.swift */; };
		A13000000000000000000001 /* AuthSubmissionState.swift in Sources */ = {isa = PBXBuildFile; fileRef = A13000000000000000000011 /* AuthSubmissionState.swift */; };
		A13000000000000000000002 /* SignUpView.swift in Sources */ = {isa = PBXBuildFile; fileRef = A13000000000000000000012 /* SignUpView.swift */; };
		A14000000000000000000001 /* AppRoute.swift in Sources */ = {isa = PBXBuildFile; fileRef = A14000000000000000000011 /* AppRoute.swift */; };
		A14000000000000000000002 /* WardrobeSetupState.swift in Sources */ = {isa = PBXBuildFile; fileRef = A14000000000000000000012 /* WardrobeSetupState.swift */; };
		A14000000000000000000003 /* WardrobeSetupView.swift in Sources */ = {isa = PBXBuildFile; fileRef = A14000000000000000000013 /* WardrobeSetupView.swift */; };
		A14000000000000000000004 /* CurrentWardrobeView.swift in Sources */ = {isa = PBXBuildFile; fileRef = A14000000000000000000014 /* CurrentWardrobeView.swift */; };
		A14000000000000000000005 /* WardrobeSetupStateTests.swift in Sources */ = {isa = PBXBuildFile; fileRef = A14000000000000000000015 /* WardrobeSetupStateTests.swift */; };
		A14000000000000000000006 /* OnboardingFlowTests.swift in Sources */ = {isa = PBXBuildFile; fileRef = A14000000000000000000016 /* OnboardingFlowTests.swift */; };
		3C79DF994F685A8D5A21B061 /* YISUButton.swift in Sources */ = {isa = PBXBuildFile; fileRef = F970D6EDA6C29BCF9AEF5CAE /* YISUButton.swift */; };
		49E3A161E4E039076FA192D3 /* DesignSystemGalleryTests.swift in Sources */ = {isa = PBXBuildFile; fileRef = 469FA0AB02377F1B56792DD2 /* DesignSystemGalleryTests.swift */; };
		4B38B9ABAC6A082C0A140D09 /* SmokeTests.swift in Sources */ = {isa = PBXBuildFile; fileRef = 44AC7E25E50DB3916D8D2C29 /* SmokeTests.swift */; };
		55E820685356BBFC7E2A0332 /* CollectionBehaviorTests.swift in Sources */ = {isa = PBXBuildFile; fileRef = 437130D898E88B896F0C71EF /* CollectionBehaviorTests.swift */; };
		62A7AE88027C37BBB5DF10F1 /* YISUCategoryFilter.swift in Sources */ = {isa = PBXBuildFile; fileRef = 1B64E05C66A1089FE5C1BAFB /* YISUCategoryFilter.swift */; };
		77809BD98769222D7691972F /* SignInView.swift in Sources */ = {isa = PBXBuildFile; fileRef = ACA5EC2F381A930D1C89ECC3 /* SignInView.swift */; };
		7AE229BE3D693FD068F26857 /* YISUTheme.swift in Sources */ = {isa = PBXBuildFile; fileRef = 7F15D1E8890942046B4E372E /* YISUTheme.swift */; };
		83516AFD1C87246D83CCF380 /* FoundationTests.swift in Sources */ = {isa = PBXBuildFile; fileRef = 186F4DA5E18B28ED85E9CD16 /* FoundationTests.swift */; };
		84192E25EE19A142829D0111 /* YISUCategory.swift in Sources */ = {isa = PBXBuildFile; fileRef = 995472F01A313D9C9E8EB633 /* YISUCategory.swift */; };
		86CE2359B6EA8BA942D6335A /* YISUComponentState.swift in Sources */ = {isa = PBXBuildFile; fileRef = 857B97111652B2592BFB2982 /* YISUComponentState.swift */; };
		91B392E42D659BAA47BDCBFF /* ControlBehaviorTests.swift in Sources */ = {isa = PBXBuildFile; fileRef = CB763FE465B9CFC1DDE51D26 /* ControlBehaviorTests.swift */; };
		9404EA3DE38CB2EE78B37CFE /* YISUApp.swift in Sources */ = {isa = PBXBuildFile; fileRef = 497A5C0305038852711A7688 /* YISUApp.swift */; };
		9F2D539591BC28580D065E48 /* YISUCategoryChip.swift in Sources */ = {isa = PBXBuildFile; fileRef = 31D1E0FC5F69B35CAEBC97C1 /* YISUCategoryChip.swift */; };
		A02A645A134C87085B9E4FE2 /* YISUBottomNavigation.swift in Sources */ = {isa = PBXBuildFile; fileRef = 89D46BAFE516AA8BD1B69A8A /* YISUBottomNavigation.swift */; };
		A4286A59DDCD2F1BF009B502 /* RootView.swift in Sources */ = {isa = PBXBuildFile; fileRef = 903900986BD01F8F3AA8D918 /* RootView.swift */; };
		B0C3DDEE173D04CFC813706E /* AppIdentity.swift in Sources */ = {isa = PBXBuildFile; fileRef = 48A9C9627E69BD77234EEAB2 /* AppIdentity.swift */; };
		BE9EFA9F1087483698262764 /* GarmentSummary.swift in Sources */ = {isa = PBXBuildFile; fileRef = 457325C80B2EDA611036D550 /* GarmentSummary.swift */; };
		CC10561C4A21F38BB8EA0888 /* YISUGarmentCard.swift in Sources */ = {isa = PBXBuildFile; fileRef = 4C68D9E99BE84D7C2290B83C /* YISUGarmentCard.swift */; };
		D81C57138923BFCCAD2F5CF2 /* YISUContentStateView.swift in Sources */ = {isa = PBXBuildFile; fileRef = 0CC1FDB49AF03AC690A0B6A8 /* YISUContentStateView.swift */; };
		E798517D62BE125CE9E766E3 /* DesignSystemGalleryView.swift in Sources */ = {isa = PBXBuildFile; fileRef = AC4E099C8A517B7866713AEB /* DesignSystemGalleryView.swift */; };
		F1C085690E8449DEC1EF5DD3 /* YISUGarmentGrid.swift in Sources */ = {isa = PBXBuildFile; fileRef = 6B81D2C7BE7469893128BD69 /* YISUGarmentGrid.swift */; };
		F27F3783968E54D4DD12D6E4 /* SmokeTests.swift in Sources */ = {isa = PBXBuildFile; fileRef = D8C12093FFA6C8AB6E318FA5 /* SmokeTests.swift */; };
/* End PBXBuildFile section */

/* Begin PBXContainerItemProxy section */
		1262D42DB59A26F65EFEC325 /* PBXContainerItemProxy */ = {
			isa = PBXContainerItemProxy;
			containerPortal = 49139BAE39AAA090C270D826 /* Project object */;
			proxyType = 1;
			remoteGlobalIDString = 41CB20D5AC323FB49E942B90;
			remoteInfo = YISU;
		};
		F5B406BB6D3AB462D8269836 /* PBXContainerItemProxy */ = {
			isa = PBXContainerItemProxy;
			containerPortal = 49139BAE39AAA090C270D826 /* Project object */;
			proxyType = 1;
			remoteGlobalIDString = 41CB20D5AC323FB49E942B90;
			remoteInfo = YISU;
		};
/* End PBXContainerItemProxy section */

/* Begin PBXFileReference section */
		0CC1FDB49AF03AC690A0B6A8 /* YISUContentStateView.swift */ = {isa = PBXFileReference; lastKnownFileType = sourcecode.swift; path = YISUContentStateView.swift; sourceTree = "<group>"; };
		A10000000000000000000002 /* AuthFormPolicyTests.swift */ = {isa = PBXFileReference; lastKnownFileType = sourcecode.swift; path = AuthFormPolicyTests.swift; sourceTree = "<group>"; };
		A12000000000000000000002 /* AuthSubmissionStateTests.swift */ = {isa = PBXFileReference; lastKnownFileType = sourcecode.swift; path = AuthSubmissionStateTests.swift; sourceTree = "<group>"; };
		A11000000000000000000011 /* AuthFormPolicy.swift */ = {isa = PBXFileReference; lastKnownFileType = sourcecode.swift; path = AuthFormPolicy.swift; sourceTree = "<group>"; };
		A11000000000000000000012 /* YISUAuthScaffold.swift */ = {isa = PBXFileReference; lastKnownFileType = sourcecode.swift; path = YISUAuthScaffold.swift; sourceTree = "<group>"; };
		A11000000000000000000013 /* YISUAuthField.swift */ = {isa = PBXFileReference; lastKnownFileType = sourcecode.swift; path = YISUAuthField.swift; sourceTree = "<group>"; };
		A11000000000000000000014 /* YISUAgreementCheckbox.swift */ = {isa = PBXFileReference; lastKnownFileType = sourcecode.swift; path = YISUAgreementCheckbox.swift; sourceTree = "<group>"; };
		A13000000000000000000011 /* AuthSubmissionState.swift */ = {isa = PBXFileReference; lastKnownFileType = sourcecode.swift; path = AuthSubmissionState.swift; sourceTree = "<group>"; };
		A13000000000000000000012 /* SignUpView.swift */ = {isa = PBXFileReference; lastKnownFileType = sourcecode.swift; path = SignUpView.swift; sourceTree = "<group>"; };
		A14000000000000000000011 /* AppRoute.swift */ = {isa = PBXFileReference; lastKnownFileType = sourcecode.swift; path = AppRoute.swift; sourceTree = "<group>"; };
		A14000000000000000000012 /* WardrobeSetupState.swift */ = {isa = PBXFileReference; lastKnownFileType = sourcecode.swift; path = WardrobeSetupState.swift; sourceTree = "<group>"; };
		A14000000000000000000013 /* WardrobeSetupView.swift */ = {isa = PBXFileReference; lastKnownFileType = sourcecode.swift; path = WardrobeSetupView.swift; sourceTree = "<group>"; };
		A14000000000000000000014 /* CurrentWardrobeView.swift */ = {isa = PBXFileReference; lastKnownFileType = sourcecode.swift; path = CurrentWardrobeView.swift; sourceTree = "<group>"; };
		A14000000000000000000015 /* WardrobeSetupStateTests.swift */ = {isa = PBXFileReference; lastKnownFileType = sourcecode.swift; path = WardrobeSetupStateTests.swift; sourceTree = "<group>"; };
		A14000000000000000000016 /* OnboardingFlowTests.swift */ = {isa = PBXFileReference; lastKnownFileType = sourcecode.swift; path = OnboardingFlowTests.swift; sourceTree = "<group>"; };
		186F4DA5E18B28ED85E9CD16 /* FoundationTests.swift */ = {isa = PBXFileReference; lastKnownFileType = sourcecode.swift; path = FoundationTests.swift; sourceTree = "<group>"; };
		1B64E05C66A1089FE5C1BAFB /* YISUCategoryFilter.swift */ = {isa = PBXFileReference; lastKnownFileType = sourcecode.swift; path = YISUCategoryFilter.swift; sourceTree = "<group>"; };
		1E9DB435246FE769FEAB25D9 /* ModelTests.swift */ = {isa = PBXFileReference; lastKnownFileType = sourcecode.swift; path = ModelTests.swift; sourceTree = "<group>"; };
		30097FB853DAB2C9845955AC /* YISU.app */ = {isa = PBXFileReference; includeInIndex = 0; lastKnownFileType = wrapper.application; path = YISU.app; sourceTree = BUILT_PRODUCTS_DIR; };
		3120796F5308EAB3EA2296E6 /* Release.xcconfig */ = {isa = PBXFileReference; lastKnownFileType = text.xcconfig; path = Release.xcconfig; sourceTree = "<group>"; };
		31D1E0FC5F69B35CAEBC97C1 /* YISUCategoryChip.swift */ = {isa = PBXFileReference; lastKnownFileType = sourcecode.swift; path = YISUCategoryChip.swift; sourceTree = "<group>"; };
		437130D898E88B896F0C71EF /* CollectionBehaviorTests.swift */ = {isa = PBXFileReference; lastKnownFileType = sourcecode.swift; path = CollectionBehaviorTests.swift; sourceTree = "<group>"; };
		44AC7E25E50DB3916D8D2C29 /* SmokeTests.swift */ = {isa = PBXFileReference; lastKnownFileType = sourcecode.swift; path = SmokeTests.swift; sourceTree = "<group>"; };
		457325C80B2EDA611036D550 /* GarmentSummary.swift */ = {isa = PBXFileReference; lastKnownFileType = sourcecode.swift; path = GarmentSummary.swift; sourceTree = "<group>"; };
		469FA0AB02377F1B56792DD2 /* DesignSystemGalleryTests.swift */ = {isa = PBXFileReference; lastKnownFileType = sourcecode.swift; path = DesignSystemGalleryTests.swift; sourceTree = "<group>"; };
		48A9C9627E69BD77234EEAB2 /* AppIdentity.swift */ = {isa = PBXFileReference; lastKnownFileType = sourcecode.swift; path = AppIdentity.swift; sourceTree = "<group>"; };
		497A5C0305038852711A7688 /* YISUApp.swift */ = {isa = PBXFileReference; lastKnownFileType = sourcecode.swift; path = YISUApp.swift; sourceTree = "<group>"; };
		4C68D9E99BE84D7C2290B83C /* YISUGarmentCard.swift */ = {isa = PBXFileReference; lastKnownFileType = sourcecode.swift; path = YISUGarmentCard.swift; sourceTree = "<group>"; };
		6B81D2C7BE7469893128BD69 /* YISUGarmentGrid.swift */ = {isa = PBXFileReference; lastKnownFileType = sourcecode.swift; path = YISUGarmentGrid.swift; sourceTree = "<group>"; };
		7F15D1E8890942046B4E372E /* YISUTheme.swift */ = {isa = PBXFileReference; lastKnownFileType = sourcecode.swift; path = YISUTheme.swift; sourceTree = "<group>"; };
		84368EB371249E8B6C5DE7C9 /* YISUTests.xctest */ = {isa = PBXFileReference; includeInIndex = 0; lastKnownFileType = wrapper.cfbundle; path = YISUTests.xctest; sourceTree = BUILT_PRODUCTS_DIR; };
		857B97111652B2592BFB2982 /* YISUComponentState.swift */ = {isa = PBXFileReference; lastKnownFileType = sourcecode.swift; path = YISUComponentState.swift; sourceTree = "<group>"; };
		89D46BAFE516AA8BD1B69A8A /* YISUBottomNavigation.swift */ = {isa = PBXFileReference; lastKnownFileType = sourcecode.swift; path = YISUBottomNavigation.swift; sourceTree = "<group>"; };
		903900986BD01F8F3AA8D918 /* RootView.swift */ = {isa = PBXFileReference; lastKnownFileType = sourcecode.swift; path = RootView.swift; sourceTree = "<group>"; };
		995472F01A313D9C9E8EB633 /* YISUCategory.swift */ = {isa = PBXFileReference; lastKnownFileType = sourcecode.swift; path = YISUCategory.swift; sourceTree = "<group>"; };
		AC4E099C8A517B7866713AEB /* DesignSystemGalleryView.swift */ = {isa = PBXFileReference; lastKnownFileType = sourcecode.swift; path = DesignSystemGalleryView.swift; sourceTree = "<group>"; };
		ACA5EC2F381A930D1C89ECC3 /* SignInView.swift */ = {isa = PBXFileReference; lastKnownFileType = sourcecode.swift; path = SignInView.swift; sourceTree = "<group>"; };
		CB763FE465B9CFC1DDE51D26 /* ControlBehaviorTests.swift */ = {isa = PBXFileReference; lastKnownFileType = sourcecode.swift; path = ControlBehaviorTests.swift; sourceTree = "<group>"; };
		D8C12093FFA6C8AB6E318FA5 /* SmokeTests.swift */ = {isa = PBXFileReference; lastKnownFileType = sourcecode.swift; path = SmokeTests.swift; sourceTree = "<group>"; };
		DD41C37A39974DAF72FC91BC /* Debug.xcconfig */ = {isa = PBXFileReference; lastKnownFileType = text.xcconfig; path = Debug.xcconfig; sourceTree = "<group>"; };
		F61B251486587E22D03C6EFA /* YISUUITests.xctest */ = {isa = PBXFileReference; includeInIndex = 0; lastKnownFileType = wrapper.cfbundle; path = YISUUITests.xctest; sourceTree = BUILT_PRODUCTS_DIR; };
		F970D6EDA6C29BCF9AEF5CAE /* YISUButton.swift */ = {isa = PBXFileReference; lastKnownFileType = sourcecode.swift; path = YISUButton.swift; sourceTree = "<group>"; };
/* End PBXFileReference section */

/* Begin PBXGroup section */
		0145C884EC430D9FE36E4E22 /* Features */ = {
			isa = PBXGroup;
			children = (
				6BF305C0BED43066B2D784B3 /* Auth */,
				A14000000000000000000020 /* Onboarding */,
			);
			path = Features;
			sourceTree = "<group>";
		};
		A14000000000000000000020 /* Onboarding */ = {
			isa = PBXGroup;
			children = (
				A14000000000000000000014 /* CurrentWardrobeView.swift */,
				A14000000000000000000012 /* WardrobeSetupState.swift */,
				A14000000000000000000013 /* WardrobeSetupView.swift */,
			);
			path = Onboarding;
			sourceTree = "<group>";
		};
		A14000000000000000000021 /* Onboarding */ = {
			isa = PBXGroup;
			children = (
				A14000000000000000000015 /* WardrobeSetupStateTests.swift */,
			);
			path = Onboarding;
			sourceTree = "<group>";
		};
		0DD4555A64E2D0EC8E4BA79C = {
			isa = PBXGroup;
			children = (
				751D77088837A90F5FA810B5 /* Config */,
				5E8E0E0F0DE8AF4C8DA5F081 /* WardrobeApp */,
				D53A5933FD4A26C969C5F432 /* WardrobeAppTests */,
				F696BB093A6FEBEA31EE003D /* WardrobeAppUITests */,
				3189ED129F9A6F29CD772DA6 /* Products */,
			);
			sourceTree = "<group>";
		};
		117C224CFF7CCE68F4E6B699 /* Models */ = {
			isa = PBXGroup;
			children = (
				457325C80B2EDA611036D550 /* GarmentSummary.swift */,
				995472F01A313D9C9E8EB633 /* YISUCategory.swift */,
				857B97111652B2592BFB2982 /* YISUComponentState.swift */,
			);
			path = Models;
			sourceTree = "<group>";
		};
		3022650830400EB6C68994A6 /* Foundation */ = {
			isa = PBXGroup;
			children = (
				7F15D1E8890942046B4E372E /* YISUTheme.swift */,
			);
			path = Foundation;
			sourceTree = "<group>";
		};
		3189ED129F9A6F29CD772DA6 /* Products */ = {
			isa = PBXGroup;
			children = (
				30097FB853DAB2C9845955AC /* YISU.app */,
				84368EB371249E8B6C5DE7C9 /* YISUTests.xctest */,
				F61B251486587E22D03C6EFA /* YISUUITests.xctest */,
			);
			name = Products;
			sourceTree = "<group>";
		};
		43E9446B9DBB128D33741800 /* Preview */ = {
			isa = PBXGroup;
			children = (
				AC4E099C8A517B7866713AEB /* DesignSystemGalleryView.swift */,
			);
			path = Preview;
			sourceTree = "<group>";
		};
		512C761FE5773C9CCD607DEE /* Components */ = {
			isa = PBXGroup;
			children = (
				A11000000000000000000014 /* YISUAgreementCheckbox.swift */,
				A11000000000000000000013 /* YISUAuthField.swift */,
				A11000000000000000000012 /* YISUAuthScaffold.swift */,
				89D46BAFE516AA8BD1B69A8A /* YISUBottomNavigation.swift */,
				F970D6EDA6C29BCF9AEF5CAE /* YISUButton.swift */,
				31D1E0FC5F69B35CAEBC97C1 /* YISUCategoryChip.swift */,
				1B64E05C66A1089FE5C1BAFB /* YISUCategoryFilter.swift */,
				0CC1FDB49AF03AC690A0B6A8 /* YISUContentStateView.swift */,
				4C68D9E99BE84D7C2290B83C /* YISUGarmentCard.swift */,
				6B81D2C7BE7469893128BD69 /* YISUGarmentGrid.swift */,
			);
			path = Components;
			sourceTree = "<group>";
		};
		5E8E0E0F0DE8AF4C8DA5F081 /* WardrobeApp */ = {
			isa = PBXGroup;
			children = (
				72DA89DD122D3788A3DE1B49 /* App */,
				6E80D150466881FD6DC4E1CE /* DesignSystem */,
				0145C884EC430D9FE36E4E22 /* Features */,
			);
			path = WardrobeApp;
			sourceTree = "<group>";
		};
		6BF305C0BED43066B2D784B3 /* Auth */ = {
			isa = PBXGroup;
			children = (
				A13000000000000000000011 /* AuthSubmissionState.swift */,
				A11000000000000000000011 /* AuthFormPolicy.swift */,
				ACA5EC2F381A930D1C89ECC3 /* SignInView.swift */,
				A13000000000000000000012 /* SignUpView.swift */,
			);
			path = Auth;
			sourceTree = "<group>";
		};
		6E80D150466881FD6DC4E1CE /* DesignSystem */ = {
			isa = PBXGroup;
			children = (
				512C761FE5773C9CCD607DEE /* Components */,
				3022650830400EB6C68994A6 /* Foundation */,
				117C224CFF7CCE68F4E6B699 /* Models */,
				43E9446B9DBB128D33741800 /* Preview */,
			);
			path = DesignSystem;
			sourceTree = "<group>";
		};
		72DA89DD122D3788A3DE1B49 /* App */ = {
			isa = PBXGroup;
			children = (
				A14000000000000000000011 /* AppRoute.swift */,
				48A9C9627E69BD77234EEAB2 /* AppIdentity.swift */,
				903900986BD01F8F3AA8D918 /* RootView.swift */,
				497A5C0305038852711A7688 /* YISUApp.swift */,
			);
			path = App;
			sourceTree = "<group>";
		};
		751D77088837A90F5FA810B5 /* Config */ = {
			isa = PBXGroup;
			children = (
				DD41C37A39974DAF72FC91BC /* Debug.xcconfig */,
				3120796F5308EAB3EA2296E6 /* Release.xcconfig */,
			);
			path = Config;
			sourceTree = "<group>";
		};
		A10000000000000000000003 /* Auth */ = {
			isa = PBXGroup;
			children = (
				A10000000000000000000002 /* AuthFormPolicyTests.swift */,
				A12000000000000000000002 /* AuthSubmissionStateTests.swift */,
			);
			path = Auth;
			sourceTree = "<group>";
		};
		D53A5933FD4A26C969C5F432 /* WardrobeAppTests */ = {
			isa = PBXGroup;
			children = (
				A10000000000000000000003 /* Auth */,
				A14000000000000000000021 /* Onboarding */,
				D8C12093FFA6C8AB6E318FA5 /* SmokeTests.swift */,
				E383F9F511E7C96B8F920880 /* DesignSystem */,
			);
			path = WardrobeAppTests;
			sourceTree = "<group>";
		};
		E383F9F511E7C96B8F920880 /* DesignSystem */ = {
			isa = PBXGroup;
			children = (
				437130D898E88B896F0C71EF /* CollectionBehaviorTests.swift */,
				CB763FE465B9CFC1DDE51D26 /* ControlBehaviorTests.swift */,
				186F4DA5E18B28ED85E9CD16 /* FoundationTests.swift */,
				1E9DB435246FE769FEAB25D9 /* ModelTests.swift */,
			);
			path = DesignSystem;
			sourceTree = "<group>";
		};
		F696BB093A6FEBEA31EE003D /* WardrobeAppUITests */ = {
			isa = PBXGroup;
			children = (
				469FA0AB02377F1B56792DD2 /* DesignSystemGalleryTests.swift */,
				A14000000000000000000016 /* OnboardingFlowTests.swift */,
				44AC7E25E50DB3916D8D2C29 /* SmokeTests.swift */,
			);
			path = WardrobeAppUITests;
			sourceTree = "<group>";
		};
/* End PBXGroup section */

/* Begin PBXNativeTarget section */
		41CB20D5AC323FB49E942B90 /* YISU */ = {
			isa = PBXNativeTarget;
			buildConfigurationList = AC6ACA7525D7F49D6EE4ECB4 /* Build configuration list for PBXNativeTarget "YISU" */;
			buildPhases = (
				DA60A28C93D23B5CE84DDCAF /* Sources */,
			);
			buildRules = (
			);
			dependencies = (
			);
			name = YISU;
			packageProductDependencies = (
			);
			productName = YISU;
			productReference = 30097FB853DAB2C9845955AC /* YISU.app */;
			productType = "com.apple.product-type.application";
		};
		74981DC6BFF2C151702F03B2 /* YISUTests */ = {
			isa = PBXNativeTarget;
			buildConfigurationList = 2E3FFE5747EA59C7A1C4A609 /* Build configuration list for PBXNativeTarget "YISUTests" */;
			buildPhases = (
				A913041B030AAB0DF432D928 /* Sources */,
			);
			buildRules = (
			);
			dependencies = (
				38E9B9941F41F438F5BC2EBC /* PBXTargetDependency */,
			);
			name = YISUTests;
			packageProductDependencies = (
			);
			productName = YISUTests;
			productReference = 84368EB371249E8B6C5DE7C9 /* YISUTests.xctest */;
			productType = "com.apple.product-type.bundle.unit-test";
		};
		8877DE62DD558C362BAEC9A3 /* YISUUITests */ = {
			isa = PBXNativeTarget;
			buildConfigurationList = FAE0CEB93DB90A168EA5C1EA /* Build configuration list for PBXNativeTarget "YISUUITests" */;
			buildPhases = (
				9B62E5DB250AA000276EE92E /* Sources */,
			);
			buildRules = (
			);
			dependencies = (
				3D6F74C82C441B51BBF7971E /* PBXTargetDependency */,
			);
			name = YISUUITests;
			packageProductDependencies = (
			);
			productName = YISUUITests;
			productReference = F61B251486587E22D03C6EFA /* YISUUITests.xctest */;
			productType = "com.apple.product-type.bundle.ui-testing";
		};
/* End PBXNativeTarget section */

/* Begin PBXProject section */
		49139BAE39AAA090C270D826 /* Project object */ = {
			isa = PBXProject;
			attributes = {
				BuildIndependentTargetsInParallel = YES;
				LastUpgradeCheck = 2630;
				TargetAttributes = {
					41CB20D5AC323FB49E942B90 = {
						DevelopmentTeam = "";
					};
					74981DC6BFF2C151702F03B2 = {
						DevelopmentTeam = "";
					};
					8877DE62DD558C362BAEC9A3 = {
						DevelopmentTeam = "";
						TestTargetID = 41CB20D5AC323FB49E942B90;
					};
				};
			};
			buildConfigurationList = B44301ED37494E3316268917 /* Build configuration list for PBXProject "YISU" */;
			developmentRegion = en;
			hasScannedForEncodings = 0;
			knownRegions = (
				Base,
				en,
			);
			mainGroup = 0DD4555A64E2D0EC8E4BA79C;
			minimizedProjectReferenceProxies = 1;
			preferredProjectObjectVersion = 77;
			productRefGroup = 3189ED129F9A6F29CD772DA6 /* Products */;
			projectDirPath = "";
			projectRoot = "";
			targets = (
				41CB20D5AC323FB49E942B90 /* YISU */,
				74981DC6BFF2C151702F03B2 /* YISUTests */,
				8877DE62DD558C362BAEC9A3 /* YISUUITests */,
			);
		};
/* End PBXProject section */

/* Begin PBXSourcesBuildPhase section */
		9B62E5DB250AA000276EE92E /* Sources */ = {
			isa = PBXSourcesBuildPhase;
			buildActionMask = 2147483647;
			files = (
				A14000000000000000000006 /* OnboardingFlowTests.swift in Sources */,
				49E3A161E4E039076FA192D3 /* DesignSystemGalleryTests.swift in Sources */,
				4B38B9ABAC6A082C0A140D09 /* SmokeTests.swift in Sources */,
			);
			runOnlyForDeploymentPostprocessing = 0;
		};
		A913041B030AAB0DF432D928 /* Sources */ = {
			isa = PBXSourcesBuildPhase;
			buildActionMask = 2147483647;
			files = (
				A14000000000000000000005 /* WardrobeSetupStateTests.swift in Sources */,
				A10000000000000000000001 /* AuthFormPolicyTests.swift in Sources */,
				A12000000000000000000001 /* AuthSubmissionStateTests.swift in Sources */,
				55E820685356BBFC7E2A0332 /* CollectionBehaviorTests.swift in Sources */,
				91B392E42D659BAA47BDCBFF /* ControlBehaviorTests.swift in Sources */,
				83516AFD1C87246D83CCF380 /* FoundationTests.swift in Sources */,
				04C3191FB0C2365FC5F5312D /* ModelTests.swift in Sources */,
				F27F3783968E54D4DD12D6E4 /* SmokeTests.swift in Sources */,
			);
			runOnlyForDeploymentPostprocessing = 0;
		};
		DA60A28C93D23B5CE84DDCAF /* Sources */ = {
			isa = PBXSourcesBuildPhase;
			buildActionMask = 2147483647;
			files = (
				A14000000000000000000001 /* AppRoute.swift in Sources */,
				A14000000000000000000002 /* WardrobeSetupState.swift in Sources */,
				A14000000000000000000003 /* WardrobeSetupView.swift in Sources */,
				A14000000000000000000004 /* CurrentWardrobeView.swift in Sources */,
				A13000000000000000000001 /* AuthSubmissionState.swift in Sources */,
				A11000000000000000000001 /* AuthFormPolicy.swift in Sources */,
				A11000000000000000000002 /* YISUAuthScaffold.swift in Sources */,
				A11000000000000000000003 /* YISUAuthField.swift in Sources */,
				A11000000000000000000004 /* YISUAgreementCheckbox.swift in Sources */,
				A13000000000000000000002 /* SignUpView.swift in Sources */,
				B0C3DDEE173D04CFC813706E /* AppIdentity.swift in Sources */,
				E798517D62BE125CE9E766E3 /* DesignSystemGalleryView.swift in Sources */,
				BE9EFA9F1087483698262764 /* GarmentSummary.swift in Sources */,
				A4286A59DDCD2F1BF009B502 /* RootView.swift in Sources */,
				77809BD98769222D7691972F /* SignInView.swift in Sources */,
				9404EA3DE38CB2EE78B37CFE /* YISUApp.swift in Sources */,
				A02A645A134C87085B9E4FE2 /* YISUBottomNavigation.swift in Sources */,
				3C79DF994F685A8D5A21B061 /* YISUButton.swift in Sources */,
				84192E25EE19A142829D0111 /* YISUCategory.swift in Sources */,
				9F2D539591BC28580D065E48 /* YISUCategoryChip.swift in Sources */,
				62A7AE88027C37BBB5DF10F1 /* YISUCategoryFilter.swift in Sources */,
				86CE2359B6EA8BA942D6335A /* YISUComponentState.swift in Sources */,
				D81C57138923BFCCAD2F5CF2 /* YISUContentStateView.swift in Sources */,
				CC10561C4A21F38BB8EA0888 /* YISUGarmentCard.swift in Sources */,
				F1C085690E8449DEC1EF5DD3 /* YISUGarmentGrid.swift in Sources */,
				7AE229BE3D693FD068F26857 /* YISUTheme.swift in Sources */,
			);
			runOnlyForDeploymentPostprocessing = 0;
		};
/* End PBXSourcesBuildPhase section */

/* Begin PBXTargetDependency section */
		38E9B9941F41F438F5BC2EBC /* PBXTargetDependency */ = {
			isa = PBXTargetDependency;
			target = 41CB20D5AC323FB49E942B90 /* YISU */;
			targetProxy = 1262D42DB59A26F65EFEC325 /* PBXContainerItemProxy */;
		};
		3D6F74C82C441B51BBF7971E /* PBXTargetDependency */ = {
			isa = PBXTargetDependency;
			target = 41CB20D5AC323FB49E942B90 /* YISU */;
			targetProxy = F5B406BB6D3AB462D8269836 /* PBXContainerItemProxy */;
		};
/* End PBXTargetDependency section */

/* Begin XCBuildConfiguration section */
		373387B4C1F8DEF784AFFF8C /* Debug */ = {
			isa = XCBuildConfiguration;
			buildSettings = {
				BUNDLE_LOADER = "$(TEST_HOST)";
				GENERATE_INFOPLIST_FILE = YES;
				LD_RUNPATH_SEARCH_PATHS = (
					"$(inherited)",
					"@executable_path/Frameworks",
					"@loader_path/Frameworks",
				);
				PRODUCT_BUNDLE_IDENTIFIER = com.huyouzhen.wardrobe.uitests;
				SDKROOT = iphoneos;
				TARGETED_DEVICE_FAMILY = "1,2";
				TEST_TARGET_NAME = YISU;
			};
			name = Debug;
		};
		6B527256BB28505D0490AE2D /* Release */ = {
			isa = XCBuildConfiguration;
			buildSettings = {
				BUNDLE_LOADER = "$(TEST_HOST)";
				GENERATE_INFOPLIST_FILE = YES;
				LD_RUNPATH_SEARCH_PATHS = (
					"$(inherited)",
					"@executable_path/Frameworks",
					"@loader_path/Frameworks",
				);
				PRODUCT_BUNDLE_IDENTIFIER = com.huyouzhen.wardrobe.tests;
				SDKROOT = iphoneos;
				TARGETED_DEVICE_FAMILY = "1,2";
				TEST_HOST = "$(BUILT_PRODUCTS_DIR)/YISU.app/YISU";
			};
			name = Release;
		};
		74F5E58BB612EB7DC1613577 /* Debug */ = {
			isa = XCBuildConfiguration;
			baseConfigurationReference = DD41C37A39974DAF72FC91BC /* Debug.xcconfig */;
			buildSettings = {
				ASSETCATALOG_COMPILER_APPICON_NAME = AppIcon;
				CODE_SIGN_IDENTITY = "iPhone Developer";
				GENERATE_INFOPLIST_FILE = YES;
				INFOPLIST_KEY_CFBundleDisplayName = "衣序";
				INFOPLIST_KEY_UIApplicationSceneManifest_Generation = YES;
				INFOPLIST_KEY_UIApplicationSupportsIndirectInputEvents = YES;
				INFOPLIST_KEY_UILaunchScreen_Generation = YES;
				LD_RUNPATH_SEARCH_PATHS = (
					"$(inherited)",
					"@executable_path/Frameworks",
				);
				PRODUCT_BUNDLE_IDENTIFIER = com.huyouzhen.wardrobe;
				SDKROOT = iphoneos;
				TARGETED_DEVICE_FAMILY = 1;
			};
			name = Debug;
		};
		77A2ECDBE037F20A11643100 /* Release */ = {
			isa = XCBuildConfiguration;
			buildSettings = {
				BUNDLE_LOADER = "$(TEST_HOST)";
				GENERATE_INFOPLIST_FILE = YES;
				LD_RUNPATH_SEARCH_PATHS = (
					"$(inherited)",
					"@executable_path/Frameworks",
					"@loader_path/Frameworks",
				);
				PRODUCT_BUNDLE_IDENTIFIER = com.huyouzhen.wardrobe.uitests;
				SDKROOT = iphoneos;
				TARGETED_DEVICE_FAMILY = "1,2";
				TEST_TARGET_NAME = YISU;
			};
			name = Release;
		};
		A5A696BC3752E1E6E6104222 /* Release */ = {
			isa = XCBuildConfiguration;
			buildSettings = {
				ALWAYS_SEARCH_USER_PATHS = NO;
				CLANG_ANALYZER_NONNULL = YES;
				CLANG_ANALYZER_NUMBER_OBJECT_CONVERSION = YES_AGGRESSIVE;
				CLANG_CXX_LANGUAGE_STANDARD = "gnu++14";
				CLANG_CXX_LIBRARY = "libc++";
				CLANG_ENABLE_MODULES = YES;
				CLANG_ENABLE_OBJC_ARC = YES;
				CLANG_ENABLE_OBJC_WEAK = YES;
				CLANG_WARN_BLOCK_CAPTURE_AUTORELEASING = YES;
				CLANG_WARN_BOOL_CONVERSION = YES;
				CLANG_WARN_COMMA = YES;
				CLANG_WARN_CONSTANT_CONVERSION = YES;
				CLANG_WARN_DEPRECATED_OBJC_IMPLEMENTATIONS = YES;
				CLANG_WARN_DIRECT_OBJC_ISA_USAGE = YES_ERROR;
				CLANG_WARN_DOCUMENTATION_COMMENTS = YES;
				CLANG_WARN_EMPTY_BODY = YES;
				CLANG_WARN_ENUM_CONVERSION = YES;
				CLANG_WARN_INFINITE_RECURSION = YES;
				CLANG_WARN_INT_CONVERSION = YES;
				CLANG_WARN_NON_LITERAL_NULL_CONVERSION = YES;
				CLANG_WARN_OBJC_IMPLICIT_RETAIN_SELF = YES;
				CLANG_WARN_OBJC_LITERAL_CONVERSION = YES;
				CLANG_WARN_OBJC_ROOT_CLASS = YES_ERROR;
				CLANG_WARN_QUOTED_INCLUDE_IN_FRAMEWORK_HEADER = YES;
				CLANG_WARN_RANGE_LOOP_ANALYSIS = YES;
				CLANG_WARN_STRICT_PROTOTYPES = YES;
				CLANG_WARN_SUSPICIOUS_MOVE = YES;
				CLANG_WARN_UNGUARDED_AVAILABILITY = YES_AGGRESSIVE;
				CLANG_WARN_UNREACHABLE_CODE = YES;
				CLANG_WARN__DUPLICATE_METHOD_MATCH = YES;
				CODE_SIGNING_ALLOWED = NO;
				COPY_PHASE_STRIP = NO;
				DEBUG_INFORMATION_FORMAT = "dwarf-with-dsym";
				DEVELOPMENT_TEAM = "";
				ENABLE_NS_ASSERTIONS = NO;
				ENABLE_STRICT_OBJC_MSGSEND = YES;
				GCC_C_LANGUAGE_STANDARD = gnu11;
				GCC_NO_COMMON_BLOCKS = YES;
				GCC_WARN_64_TO_32_BIT_CONVERSION = YES;
				GCC_WARN_ABOUT_RETURN_TYPE = YES_ERROR;
				GCC_WARN_UNDECLARED_SELECTOR = YES;
				GCC_WARN_UNINITIALIZED_AUTOS = YES_AGGRESSIVE;
				GCC_WARN_UNUSED_FUNCTION = YES;
				GCC_WARN_UNUSED_VARIABLE = YES;
				IPHONEOS_DEPLOYMENT_TARGET = 17.0;
				MTL_ENABLE_DEBUG_INFO = NO;
				MTL_FAST_MATH = YES;
				PRODUCT_NAME = "$(TARGET_NAME)";
				SDKROOT = iphoneos;
				SWIFT_COMPILATION_MODE = wholemodule;
				SWIFT_OPTIMIZATION_LEVEL = "-O";
				SWIFT_VERSION = 6.0;
			};
			name = Release;
		};
		B50AC62914A8EA0D109867F8 /* Debug */ = {
			isa = XCBuildConfiguration;
			buildSettings = {
				ALWAYS_SEARCH_USER_PATHS = NO;
				CLANG_ANALYZER_NONNULL = YES;
				CLANG_ANALYZER_NUMBER_OBJECT_CONVERSION = YES_AGGRESSIVE;
				CLANG_CXX_LANGUAGE_STANDARD = "gnu++14";
				CLANG_CXX_LIBRARY = "libc++";
				CLANG_ENABLE_MODULES = YES;
				CLANG_ENABLE_OBJC_ARC = YES;
				CLANG_ENABLE_OBJC_WEAK = YES;
				CLANG_WARN_BLOCK_CAPTURE_AUTORELEASING = YES;
				CLANG_WARN_BOOL_CONVERSION = YES;
				CLANG_WARN_COMMA = YES;
				CLANG_WARN_CONSTANT_CONVERSION = YES;
				CLANG_WARN_DEPRECATED_OBJC_IMPLEMENTATIONS = YES;
				CLANG_WARN_DIRECT_OBJC_ISA_USAGE = YES_ERROR;
				CLANG_WARN_DOCUMENTATION_COMMENTS = YES;
				CLANG_WARN_EMPTY_BODY = YES;
				CLANG_WARN_ENUM_CONVERSION = YES;
				CLANG_WARN_INFINITE_RECURSION = YES;
				CLANG_WARN_INT_CONVERSION = YES;
				CLANG_WARN_NON_LITERAL_NULL_CONVERSION = YES;
				CLANG_WARN_OBJC_IMPLICIT_RETAIN_SELF = YES;
				CLANG_WARN_OBJC_LITERAL_CONVERSION = YES;
				CLANG_WARN_OBJC_ROOT_CLASS = YES_ERROR;
				CLANG_WARN_QUOTED_INCLUDE_IN_FRAMEWORK_HEADER = YES;
				CLANG_WARN_RANGE_LOOP_ANALYSIS = YES;
				CLANG_WARN_STRICT_PROTOTYPES = YES;
				CLANG_WARN_SUSPICIOUS_MOVE = YES;
				CLANG_WARN_UNGUARDED_AVAILABILITY = YES_AGGRESSIVE;
				CLANG_WARN_UNREACHABLE_CODE = YES;
				CLANG_WARN__DUPLICATE_METHOD_MATCH = YES;
				CODE_SIGNING_ALLOWED = NO;
				COPY_PHASE_STRIP = NO;
				DEBUG_INFORMATION_FORMAT = dwarf;
				DEVELOPMENT_TEAM = "";
				ENABLE_STRICT_OBJC_MSGSEND = YES;
				ENABLE_TESTABILITY = YES;
				GCC_C_LANGUAGE_STANDARD = gnu11;
				GCC_DYNAMIC_NO_PIC = NO;
				GCC_NO_COMMON_BLOCKS = YES;
				GCC_OPTIMIZATION_LEVEL = 0;
				GCC_PREPROCESSOR_DEFINITIONS = (
					"$(inherited)",
					"DEBUG=1",
				);
				GCC_WARN_64_TO_32_BIT_CONVERSION = YES;
				GCC_WARN_ABOUT_RETURN_TYPE = YES_ERROR;
				GCC_WARN_UNDECLARED_SELECTOR = YES;
				GCC_WARN_UNINITIALIZED_AUTOS = YES_AGGRESSIVE;
				GCC_WARN_UNUSED_FUNCTION = YES;
				GCC_WARN_UNUSED_VARIABLE = YES;
				IPHONEOS_DEPLOYMENT_TARGET = 17.0;
				MTL_ENABLE_DEBUG_INFO = INCLUDE_SOURCE;
				MTL_FAST_MATH = YES;
				ONLY_ACTIVE_ARCH = YES;
				PRODUCT_NAME = "$(TARGET_NAME)";
				SDKROOT = iphoneos;
				SWIFT_ACTIVE_COMPILATION_CONDITIONS = DEBUG;
				SWIFT_OPTIMIZATION_LEVEL = "-Onone";
				SWIFT_VERSION = 6.0;
			};
			name = Debug;
		};
		C9F90343110C5ECF0D2DAAF8 /* Release */ = {
			isa = XCBuildConfiguration;
			baseConfigurationReference = 3120796F5308EAB3EA2296E6 /* Release.xcconfig */;
			buildSettings = {
				ASSETCATALOG_COMPILER_APPICON_NAME = AppIcon;
				CODE_SIGN_IDENTITY = "iPhone Developer";
				GENERATE_INFOPLIST_FILE = YES;
				INFOPLIST_KEY_CFBundleDisplayName = "衣序";
				INFOPLIST_KEY_UIApplicationSceneManifest_Generation = YES;
				INFOPLIST_KEY_UIApplicationSupportsIndirectInputEvents = YES;
				INFOPLIST_KEY_UILaunchScreen_Generation = YES;
				LD_RUNPATH_SEARCH_PATHS = (
					"$(inherited)",
					"@executable_path/Frameworks",
				);
				PRODUCT_BUNDLE_IDENTIFIER = com.huyouzhen.wardrobe;
				SDKROOT = iphoneos;
				TARGETED_DEVICE_FAMILY = 1;
			};
			name = Release;
		};
		CEADE950629929D758A41CDF /* Debug */ = {
			isa = XCBuildConfiguration;
			buildSettings = {
				BUNDLE_LOADER = "$(TEST_HOST)";
				GENERATE_INFOPLIST_FILE = YES;
				LD_RUNPATH_SEARCH_PATHS = (
					"$(inherited)",
					"@executable_path/Frameworks",
					"@loader_path/Frameworks",
				);
				PRODUCT_BUNDLE_IDENTIFIER = com.huyouzhen.wardrobe.tests;
				SDKROOT = iphoneos;
				TARGETED_DEVICE_FAMILY = "1,2";
				TEST_HOST = "$(BUILT_PRODUCTS_DIR)/YISU.app/YISU";
			};
			name = Debug;
		};
/* End XCBuildConfiguration section */

/* Begin XCConfigurationList section */
		2E3FFE5747EA59C7A1C4A609 /* Build configuration list for PBXNativeTarget "YISUTests" */ = {
			isa = XCConfigurationList;
			buildConfigurations = (
				CEADE950629929D758A41CDF /* Debug */,
				6B527256BB28505D0490AE2D /* Release */,
			);
			defaultConfigurationIsVisible = 0;
			defaultConfigurationName = Debug;
		};
		AC6ACA7525D7F49D6EE4ECB4 /* Build configuration list for PBXNativeTarget "YISU" */ = {
			isa = XCConfigurationList;
			buildConfigurations = (
				74F5E58BB612EB7DC1613577 /* Debug */,
				C9F90343110C5ECF0D2DAAF8 /* Release */,
			);
			defaultConfigurationIsVisible = 0;
			defaultConfigurationName = Debug;
		};
		B44301ED37494E3316268917 /* Build configuration list for PBXProject "YISU" */ = {
			isa = XCConfigurationList;
			buildConfigurations = (
				B50AC62914A8EA0D109867F8 /* Debug */,
				A5A696BC3752E1E6E6104222 /* Release */,
			);
			defaultConfigurationIsVisible = 0;
			defaultConfigurationName = Debug;
		};
		FAE0CEB93DB90A168EA5C1EA /* Build configuration list for PBXNativeTarget "YISUUITests" */ = {
			isa = XCConfigurationList;
			buildConfigurations = (
				373387B4C1F8DEF784AFFF8C /* Debug */,
				77A2ECDBE037F20A11643100 /* Release */,
			);
			defaultConfigurationIsVisible = 0;
			defaultConfigurationName = Debug;
		};
/* End XCConfigurationList section */
	};
	rootObject = 49139BAE39AAA090C270D826 /* Project object */;
}
